{
  "name": "f2-gcanvas-wrapper",
  "version": "1.0.0",
  "lockfileVersion": 1,
  "requires": true,
  "dependencies": {
    "@antv/f2": {
      "version": "3.1.15",
      "resolved": "https://registry.npmjs.org/@antv/f2/-/f2-3.1.15.tgz",
      "integrity": "sha512-eXSkrJtFdXlyzVonGQS6ZANqqippjhfIP5hEulcBW0qGZc2NRZbRzC6lAtVbXkyHQqVRT8Qdu6zJu5rg7nj7HQ==",
      "requires": {
        "fecha": "~2.3.1",
        "hammerjs": "^2.0.8"
      }
    },
    "fecha": {
      "version": "2.3.3",
      "resolved": "https://registry.npmjs.org/fecha/-/fecha-2.3.3.tgz",
      "integrity": "sha512-lUGBnIamTAwk4znq5BcqsDaxSmZ9nDVJaij6NvRt/Tg4R69gERA+otPKbS86ROw9nxVMw2/mp1fnaiWqbs6Sdg=="
    },
    "gcanvas.js": {
      "version": "0.0.8",
      "resolved": "https://registry.npmjs.org/gcanvas.js/-/gcanvas.js-0.0.8.tgz",
      "integrity": "sha512-5b9sX44VEzx1QJ9zve29M8prRtg5UZSVzlwMFdKfQ9oK5dto2rw2IUzR6DUrMJ5MmjGz8oZjVelg30Vp32TNUA=="
    },
    "hammerjs": {
      "version": "2.0.8",
      "resolved": "https://registry.npmjs.org/hammerjs/-/hammerjs-2.0.8.tgz",
      "integrity": "sha1-BO93hiz/K7edMPdpIJWTAiK/YPE="
    }
  }
}
